
Microsoft Visual Studio Solution File, Format Version 12.00
# Visual Studio Version 17
VisualStudioVersion = 17.2.32616.157
MinimumVisualStudioVersion = 10.0.40219.1
Project("{FAE04EC0-301F-11D3-BF4B-00C04F79EFBC}") = "JusoConsole", "JusoConsole\JusoConsole.csproj", "{FFCD3916-EBBB-4449-B4A7-0517E4424CF2}"
EndProject
Project("{FAE04EC0-301F-11D3-BF4B-00C04F79EFBC}") = "JusoFinder", "JusoFinder\JusoFinder.csproj", "{06F53EB8-A5AE-445B-B657-79BD1922146E}"
EndProject
Project("{9A19103F-16F7-4668-BE54-9A1E7A4F7556}") = "JusoFinder.Test", "JusoFinder.Test\JusoFinder.Test.csproj", "{87EE66F7-28C7-45CA-A2FE-0D05D3DDDDF1}"
EndProject
Global
	GlobalSection(SolutionConfigurationPlatforms) = preSolution
		Debug|Any CPU = Debug|Any CPU
		Release|Any CPU = Release|Any CPU
	EndGlobalSection
	GlobalSection(ProjectConfigurationPlatforms) = postSolution
		{FFCD3916-EBBB-4449-B4A7-0517E4424CF2}.Debug|Any CPU.ActiveCfg = Debug|Any CPU
		{FFCD3916-EBBB-4449-B4A7-0517E4424CF2}.Debug|Any CPU.Build.0 = Debug|Any CPU
		{FFCD3916-EBBB-4449-B4A7-0517E4424CF2}.Release|Any CPU.ActiveCfg = Release|Any CPU
		{FFCD3916-EBBB-4449-B4A7-0517E4424CF2}.Release|Any CPU.Build.0 = Release|Any CPU
		{06F53EB8-A5AE-445B-B657-79BD1922146E}.Debug|Any CPU.ActiveCfg = Debug|Any CPU
		{06F53EB8-A5AE-445B-B657-79BD1922146E}.Debug|Any CPU.Build.0 = Debug|Any CPU
		{06F53EB8-A5AE-445B-B657-79BD1922146E}.Release|Any CPU.ActiveCfg = Release|Any CPU
		{06F53EB8-A5AE-445B-B657-79BD1922146E}.Release|Any CPU.Build.0 = Release|Any CPU
		{87EE66F7-28C7-45CA-A2FE-0D05D3DDDDF1}.Debug|Any CPU.ActiveCfg = Debug|Any CPU
		{87EE66F7-28C7-45CA-A2FE-0D05D3DDDDF1}.Debug|Any CPU.Build.0 = Debug|Any CPU
		{87EE66F7-28C7-45CA-A2FE-0D05D3DDDDF1}.Release|Any CPU.ActiveCfg = Release|Any CPU
		{87EE66F7-28C7-45CA-A2FE-0D05D3DDDDF1}.Release|Any CPU.Build.0 = Release|Any CPU
	EndGlobalSection
	GlobalSection(SolutionProperties) = preSolution
		HideSolutionNode = FALSE
	EndGlobalSection
	GlobalSection(ExtensibilityGlobals) = postSolution
		SolutionGuid = {5EF57180-7920-49A9-93FB-4BE8451703C2}
	EndGlobalSection
EndGlobal
